
Microsoft Visual Studio Solution File, Format Version 12.00
# Visual Studio Version 16
VisualStudioVersion = 16.0.31515.178
MinimumVisualStudioVersion = 10.0.40219.1
Project("{FAE04EC0-301F-11D3-BF4B-00C04F79EFBC}") = "TesteXP.UWP", "TesteXP\TesteXP.UWP\TesteXP.UWP.csproj", "{676D71FD-7B75-4D1B-A95E-5C8DF32AC8CC}"
EndProject
Project("{FAE04EC0-301F-11D3-BF4B-00C04F79EFBC}") = "TesteXP", "TesteXP\TesteXP\TesteXP.csproj", "{545285E3-DD80-4A81-98F4-65198AA02305}"
EndProject
Project("{FAE04EC0-301F-11D3-BF4B-00C04F79EFBC}") = "TesteXP.WPF", "TesteXP\TesteXP.WPF\TesteXP.WPF.csproj", "{1D81F55B-F737-433E-AD99-FE91DAAB84AB}"
EndProject
Global
	GlobalSection(SolutionConfigurationPlatforms) = preSolution
		Debug|Any CPU = Debug|Any CPU
		Debug|ARM = Debug|ARM
		Debug|x64 = Debug|x64
		Debug|x86 = Debug|x86
		Release|Any CPU = Release|Any CPU
		Release|ARM = Release|ARM
		Release|x64 = Release|x64
		Release|x86 = Release|x86
	EndGlobalSection
	GlobalSection(ProjectConfigurationPlatforms) = postSolution
		{676D71FD-7B75-4D1B-A95E-5C8DF32AC8CC}.Debug|Any CPU.ActiveCfg = Debug|x86
		{676D71FD-7B75-4D1B-A95E-5C8DF32AC8CC}.Debug|Any CPU.Build.0 = Debug|x86
		{676D71FD-7B75-4D1B-A95E-5C8DF32AC8CC}.Debug|Any CPU.Deploy.0 = Debug|x86
		{676D71FD-7B75-4D1B-A95E-5C8DF32AC8CC}.Debug|ARM.ActiveCfg = Debug|ARM
		{676D71FD-7B75-4D1B-A95E-5C8DF32AC8CC}.Debug|ARM.Build.0 = Debug|ARM
		{676D71FD-7B75-4D1B-A95E-5C8DF32AC8CC}.Debug|ARM.Deploy.0 = Debug|ARM
		{676D71FD-7B75-4D1B-A95E-5C8DF32AC8CC}.Debug|x64.ActiveCfg = Debug|x64
		{676D71FD-7B75-4D1B-A95E-5C8DF32AC8CC}.Debug|x64.Build.0 = Debug|x64
		{676D71FD-7B75-4D1B-A95E-5C8DF32AC8CC}.Debug|x64.Deploy.0 = Debug|x64
		{676D71FD-7B75-4D1B-A95E-5C8DF32AC8CC}.Debug|x86.ActiveCfg = Debug|x86
		{676D71FD-7B75-4D1B-A95E-5C8DF32AC8CC}.Debug|x86.Build.0 = Debug|x86
		{676D71FD-7B75-4D1B-A95E-5C8DF32AC8CC}.Debug|x86.Deploy.0 = Debug|x86
		{676D71FD-7B75-4D1B-A95E-5C8DF32AC8CC}.Release|Any CPU.ActiveCfg = Release|x86
		{676D71FD-7B75-4D1B-A95E-5C8DF32AC8CC}.Release|Any CPU.Build.0 = Release|x86
		{676D71FD-7B75-4D1B-A95E-5C8DF32AC8CC}.Release|Any CPU.Deploy.0 = Release|x86
		{676D71FD-7B75-4D1B-A95E-5C8DF32AC8CC}.Release|ARM.ActiveCfg = Release|ARM
		{676D71FD-7B75-4D1B-A95E-5C8DF32AC8CC}.Release|ARM.Build.0 = Release|ARM
		{676D71FD-7B75-4D1B-A95E-5C8DF32AC8CC}.Release|ARM.Deploy.0 = Release|ARM
		{676D71FD-7B75-4D1B-A95E-5C8DF32AC8CC}.Release|x64.ActiveCfg = Release|x64
		{676D71FD-7B75-4D1B-A95E-5C8DF32AC8CC}.Release|x64.Build.0 = Release|x64
		{676D71FD-7B75-4D1B-A95E-5C8DF32AC8CC}.Release|x64.Deploy.0 = Release|x64
		{676D71FD-7B75-4D1B-A95E-5C8DF32AC8CC}.Release|x86.ActiveCfg = Release|x86
		{676D71FD-7B75-4D1B-A95E-5C8DF32AC8CC}.Release|x86.Build.0 = Release|x86
		{676D71FD-7B75-4D1B-A95E-5C8DF32AC8CC}.Release|x86.Deploy.0 = Release|x86
		{545285E3-DD80-4A81-98F4-65198AA02305}.Debug|Any CPU.ActiveCfg = Debug|Any CPU
		{545285E3-DD80-4A81-98F4-65198AA02305}.Debug|Any CPU.Build.0 = Debug|Any CPU
		{545285E3-DD80-4A81-98F4-65198AA02305}.Debug|Any CPU.Deploy.0 = Debug|Any CPU
		{545285E3-DD80-4A81-98F4-65198AA02305}.Debug|ARM.ActiveCfg = Debug|Any CPU
		{545285E3-DD80-4A81-98F4-65198AA02305}.Debug|ARM.Build.0 = Debug|Any CPU
		{545285E3-DD80-4A81-98F4-65198AA02305}.Debug|ARM.Deploy.0 = Debug|Any CPU
		{545285E3-DD80-4A81-98F4-65198AA02305}.Debug|x64.ActiveCfg = Debug|Any CPU
		{545285E3-DD80-4A81-98F4-65198AA02305}.Debug|x64.Build.0 = Debug|Any CPU
		{545285E3-DD80-4A81-98F4-65198AA02305}.Debug|x64.Deploy.0 = Debug|Any CPU
		{545285E3-DD80-4A81-98F4-65198AA02305}.Debug|x86.ActiveCfg = Debug|Any CPU
		{545285E3-DD80-4A81-98F4-65198AA02305}.Debug|x86.Build.0 = Debug|Any CPU
		{545285E3-DD80-4A81-98F4-65198AA02305}.Debug|x86.Deploy.0 = Debug|Any CPU
		{545285E3-DD80-4A81-98F4-65198AA02305}.Release|Any CPU.ActiveCfg = Release|Any CPU
		{545285E3-DD80-4A81-98F4-65198AA02305}.Release|Any CPU.Build.0 = Release|Any CPU
		{545285E3-DD80-4A81-98F4-65198AA02305}.Release|Any CPU.Deploy.0 = Release|Any CPU
		{545285E3-DD80-4A81-98F4-65198AA02305}.Release|ARM.ActiveCfg = Release|Any CPU
		{545285E3-DD80-4A81-98F4-65198AA02305}.Release|ARM.Build.0 = Release|Any CPU
		{545285E3-DD80-4A81-98F4-65198AA02305}.Release|ARM.Deploy.0 = Release|Any CPU
		{545285E3-DD80-4A81-98F4-65198AA02305}.Release|x64.ActiveCfg = Release|Any CPU
		{545285E3-DD80-4A81-98F4-65198AA02305}.Release|x64.Build.0 = Release|Any CPU
		{545285E3-DD80-4A81-98F4-65198AA02305}.Release|x64.Deploy.0 = Release|Any CPU
		{545285E3-DD80-4A81-98F4-65198AA02305}.Release|x86.ActiveCfg = Release|Any CPU
		{545285E3-DD80-4A81-98F4-65198AA02305}.Release|x86.Build.0 = Release|Any CPU
		{545285E3-DD80-4A81-98F4-65198AA02305}.Release|x86.Deploy.0 = Release|Any CPU
		{1D81F55B-F737-433E-AD99-FE91DAAB84AB}.Debug|Any CPU.ActiveCfg = Debug|Any CPU
		{1D81F55B-F737-433E-AD99-FE91DAAB84AB}.Debug|Any CPU.Build.0 = Debug|Any CPU
		{1D81F55B-F737-433E-AD99-FE91DAAB84AB}.Debug|ARM.ActiveCfg = Debug|Any CPU
		{1D81F55B-F737-433E-AD99-FE91DAAB84AB}.Debug|ARM.Build.0 = Debug|Any CPU
		{1D81F55B-F737-433E-AD99-FE91DAAB84AB}.Debug|x64.ActiveCfg = Debug|Any CPU
		{1D81F55B-F737-433E-AD99-FE91DAAB84AB}.Debug|x64.Build.0 = Debug|Any CPU
		{1D81F55B-F737-433E-AD99-FE91DAAB84AB}.Debug|x86.ActiveCfg = Debug|Any CPU
		{1D81F55B-F737-433E-AD99-FE91DAAB84AB}.Debug|x86.Build.0 = Debug|Any CPU
		{1D81F55B-F737-433E-AD99-FE91DAAB84AB}.Release|Any CPU.ActiveCfg = Release|Any CPU
		{1D81F55B-F737-433E-AD99-FE91DAAB84AB}.Release|Any CPU.Build.0 = Release|Any CPU
		{1D81F55B-F737-433E-AD99-FE91DAAB84AB}.Release|ARM.ActiveCfg = Release|Any CPU
		{1D81F55B-F737-433E-AD99-FE91DAAB84AB}.Release|ARM.Build.0 = Release|Any CPU
		{1D81F55B-F737-433E-AD99-FE91DAAB84AB}.Release|x64.ActiveCfg = Release|Any CPU
		{1D81F55B-F737-433E-AD99-FE91DAAB84AB}.Release|x64.Build.0 = Release|Any CPU
		{1D81F55B-F737-433E-AD99-FE91DAAB84AB}.Release|x86.ActiveCfg = Release|Any CPU
		{1D81F55B-F737-433E-AD99-FE91DAAB84AB}.Release|x86.Build.0 = Release|Any CPU
	EndGlobalSection
	GlobalSection(SolutionProperties) = preSolution
		HideSolutionNode = FALSE
	EndGlobalSection
	GlobalSection(ExtensibilityGlobals) = postSolution
		SolutionGuid = {BDD0317B-C020-4B41-BAE6-EB79DC38B2B6}
	EndGlobalSection
EndGlobal
